
Microsoft Visual Studio Solution File, Format Version 12.00
# Visual Studio 2013
VisualStudioVersion = 12.0.30723.0
MinimumVisualStudioVersion = 10.0.40219.1
Project("{FAE04EC0-301F-11D3-BF4B-00C04F79EFBC}") = "ProductManagement.Data", "ProductManagement.Data\ProductManagement.Data.csproj", "{5DF3292F-0338-43A5-92C2-97935FE936F9}"
EndProject
Project("{FAE04EC0-301F-11D3-BF4B-00C04F79EFBC}") = "Test", "Test\Test.csproj", "{DEDDA2B1-9EFA-498E-A4BD-4F8C599B72A6}"
EndProject
Project("{FAE04EC0-301F-11D3-BF4B-00C04F79EFBC}") = "ProductManagement.Admin", "ProductManagement.Admin\ProductManagement.Admin.csproj", "{9E50AA36-9048-47BD-965F-107E29EC82B8}"
EndProject
Project("{FAE04EC0-301F-11D3-BF4B-00C04F79EFBC}") = "ProductManagement.Web", "ProductManagement.Web\ProductManagement.Web.csproj", "{AF22FC95-3D3B-463C-923C-FBE7C8A9E140}"
EndProject
Project("{FAE04EC0-301F-11D3-BF4B-00C04F79EFBC}") = "ProductManagement.Core", "ProductManagement.Core\ProductManagement.Core.csproj", "{19DED914-2083-42BA-95E6-64A76CD7BCAD}"
EndProject
Global
	GlobalSection(SolutionConfigurationPlatforms) = preSolution
		Debug|Any CPU = Debug|Any CPU
		Release|Any CPU = Release|Any CPU
	EndGlobalSection
	GlobalSection(ProjectConfigurationPlatforms) = postSolution
		{5DF3292F-0338-43A5-92C2-97935FE936F9}.Debug|Any CPU.ActiveCfg = Debug|Any CPU
		{5DF3292F-0338-43A5-92C2-97935FE936F9}.Debug|Any CPU.Build.0 = Debug|Any CPU
		{5DF3292F-0338-43A5-92C2-97935FE936F9}.Release|Any CPU.ActiveCfg = Release|Any CPU
		{5DF3292F-0338-43A5-92C2-97935FE936F9}.Release|Any CPU.Build.0 = Release|Any CPU
		{DEDDA2B1-9EFA-498E-A4BD-4F8C599B72A6}.Debug|Any CPU.ActiveCfg = Debug|Any CPU
		{DEDDA2B1-9EFA-498E-A4BD-4F8C599B72A6}.Debug|Any CPU.Build.0 = Debug|Any CPU
		{DEDDA2B1-9EFA-498E-A4BD-4F8C599B72A6}.Release|Any CPU.ActiveCfg = Release|Any CPU
		{DEDDA2B1-9EFA-498E-A4BD-4F8C599B72A6}.Release|Any CPU.Build.0 = Release|Any CPU
		{9E50AA36-9048-47BD-965F-107E29EC82B8}.Debug|Any CPU.ActiveCfg = Debug|Any CPU
		{9E50AA36-9048-47BD-965F-107E29EC82B8}.Debug|Any CPU.Build.0 = Debug|Any CPU
		{9E50AA36-9048-47BD-965F-107E29EC82B8}.Release|Any CPU.ActiveCfg = Release|Any CPU
		{9E50AA36-9048-47BD-965F-107E29EC82B8}.Release|Any CPU.Build.0 = Release|Any CPU
		{AF22FC95-3D3B-463C-923C-FBE7C8A9E140}.Debug|Any CPU.ActiveCfg = Debug|Any CPU
		{AF22FC95-3D3B-463C-923C-FBE7C8A9E140}.Debug|Any CPU.Build.0 = Debug|Any CPU
		{AF22FC95-3D3B-463C-923C-FBE7C8A9E140}.Release|Any CPU.ActiveCfg = Release|Any CPU
		{AF22FC95-3D3B-463C-923C-FBE7C8A9E140}.Release|Any CPU.Build.0 = Release|Any CPU
		{19DED914-2083-42BA-95E6-64A76CD7BCAD}.Debug|Any CPU.ActiveCfg = Debug|Any CPU
		{19DED914-2083-42BA-95E6-64A76CD7BCAD}.Debug|Any CPU.Build.0 = Debug|Any CPU
		{19DED914-2083-42BA-95E6-64A76CD7BCAD}.Release|Any CPU.ActiveCfg = Release|Any CPU
		{19DED914-2083-42BA-95E6-64A76CD7BCAD}.Release|Any CPU.Build.0 = Release|Any CPU
	EndGlobalSection
	GlobalSection(SolutionProperties) = preSolution
		HideSolutionNode = FALSE
	EndGlobalSection
EndGlobal
